
Microsoft Visual Studio Solution File, Format Version 12.00
# Visual Studio 15
VisualStudioVersion = 15.0.28010.2003
MinimumVisualStudioVersion = 10.0.40219.1
Project("{FAE04EC0-301F-11D3-BF4B-00C04F79EFBC}") = "INKH", "INKH\INKH.csproj", "{578A4193-1801-4538-A746-DB3A12B60898}"
EndProject
Global
	GlobalSection(SolutionConfigurationPlatforms) = preSolution
		Debug|Any CPU = Debug|Any CPU
		Release|Any CPU = Release|Any CPU
	EndGlobalSection
	GlobalSection(ProjectConfigurationPlatforms) = postSolution
		{578A4193-1801-4538-A746-DB3A12B60898}.Debug|Any CPU.ActiveCfg = Debug|Any CPU
		{578A4193-1801-4538-A746-DB3A12B60898}.Debug|Any CPU.Build.0 = Debug|Any CPU
		{578A4193-1801-4538-A746-DB3A12B60898}.Release|Any CPU.ActiveCfg = Release|Any CPU
		{578A4193-1801-4538-A746-DB3A12B60898}.Release|Any CPU.Build.0 = Release|Any CPU
	EndGlobalSection
	GlobalSection(SolutionProperties) = preSolution
		HideSolutionNode = FALSE
	EndGlobalSection
	GlobalSection(ExtensibilityGlobals) = postSolution
		SolutionGuid = {80BD2727-CE55-40D8-8541-F846B242F041}
	EndGlobalSection
EndGlobal
