
Microsoft Visual Studio Solution File, Format Version 12.00
# Visual Studio 15
VisualStudioVersion = 15.0.28010.2041
MinimumVisualStudioVersion = 10.0.40219.1
Project("{FAE04EC0-301F-11D3-BF4B-00C04F79EFBC}") = "GLITCH", "GLITCH\GLITCH.csproj", "{FA9C3D34-1F87-4E1E-B601-4DDD387670D6}"
EndProject
Global
	GlobalSection(SolutionConfigurationPlatforms) = preSolution
		Debug|Any CPU = Debug|Any CPU
		Release|Any CPU = Release|Any CPU
	EndGlobalSection
	GlobalSection(ProjectConfigurationPlatforms) = postSolution
		{FA9C3D34-1F87-4E1E-B601-4DDD387670D6}.Debug|Any CPU.ActiveCfg = Debug|Any CPU
		{FA9C3D34-1F87-4E1E-B601-4DDD387670D6}.Debug|Any CPU.Build.0 = Debug|Any CPU
		{FA9C3D34-1F87-4E1E-B601-4DDD387670D6}.Release|Any CPU.ActiveCfg = Release|Any CPU
		{FA9C3D34-1F87-4E1E-B601-4DDD387670D6}.Release|Any CPU.Build.0 = Release|Any CPU
	EndGlobalSection
	GlobalSection(SolutionProperties) = preSolution
		HideSolutionNode = FALSE
	EndGlobalSection
	GlobalSection(ExtensibilityGlobals) = postSolution
		SolutionGuid = {B200E90E-9F29-49A7-AEE8-1AE2BA4B835F}
	EndGlobalSection
EndGlobal
