
Microsoft Visual Studio Solution File, Format Version 12.00
# Visual Studio 15
VisualStudioVersion = 15.0.28010.2003
MinimumVisualStudioVersion = 10.0.40219.1
Project("{FAE04EC0-301F-11D3-BF4B-00C04F79EFBC}") = "INTENT", "INTENT\INTENT.csproj", "{8628345E-7384-47B3-BD38-AF1D13F6B844}"
EndProject
Global
	GlobalSection(SolutionConfigurationPlatforms) = preSolution
		Debug|Any CPU = Debug|Any CPU
		Release|Any CPU = Release|Any CPU
	EndGlobalSection
	GlobalSection(ProjectConfigurationPlatforms) = postSolution
		{8628345E-7384-47B3-BD38-AF1D13F6B844}.Debug|Any CPU.ActiveCfg = Debug|Any CPU
		{8628345E-7384-47B3-BD38-AF1D13F6B844}.Debug|Any CPU.Build.0 = Debug|Any CPU
		{8628345E-7384-47B3-BD38-AF1D13F6B844}.Release|Any CPU.ActiveCfg = Release|Any CPU
		{8628345E-7384-47B3-BD38-AF1D13F6B844}.Release|Any CPU.Build.0 = Release|Any CPU
	EndGlobalSection
	GlobalSection(SolutionProperties) = preSolution
		HideSolutionNode = FALSE
	EndGlobalSection
	GlobalSection(ExtensibilityGlobals) = postSolution
		SolutionGuid = {EFB00C77-FAC0-4FF1-96D5-7B68787E12D4}
	EndGlobalSection
EndGlobal
