
Microsoft Visual Studio Solution File, Format Version 12.00
# Visual Studio 15
VisualStudioVersion = 15.0.28010.2036
MinimumVisualStudioVersion = 10.0.40219.1
Project("{FAE04EC0-301F-11D3-BF4B-00C04F79EFBC}") = "PUSHE", "PUSHE\PUSHE.csproj", "{3B7FCD42-E50F-4B77-B679-1D65D92C7687}"
EndProject
Global
	GlobalSection(SolutionConfigurationPlatforms) = preSolution
		Debug|Any CPU = Debug|Any CPU
		Release|Any CPU = Release|Any CPU
	EndGlobalSection
	GlobalSection(ProjectConfigurationPlatforms) = postSolution
		{3B7FCD42-E50F-4B77-B679-1D65D92C7687}.Debug|Any CPU.ActiveCfg = Debug|Any CPU
		{3B7FCD42-E50F-4B77-B679-1D65D92C7687}.Debug|Any CPU.Build.0 = Debug|Any CPU
		{3B7FCD42-E50F-4B77-B679-1D65D92C7687}.Release|Any CPU.ActiveCfg = Release|Any CPU
		{3B7FCD42-E50F-4B77-B679-1D65D92C7687}.Release|Any CPU.Build.0 = Release|Any CPU
	EndGlobalSection
	GlobalSection(SolutionProperties) = preSolution
		HideSolutionNode = FALSE
	EndGlobalSection
	GlobalSection(ExtensibilityGlobals) = postSolution
		SolutionGuid = {BD55B0FC-3BBD-44BF-BB04-81B761984160}
	EndGlobalSection
EndGlobal
