
Microsoft Visual Studio Solution File, Format Version 12.00
# Visual Studio 15
VisualStudioVersion = 15.0.28010.2026
MinimumVisualStudioVersion = 10.0.40219.1
Project("{FAE04EC0-301F-11D3-BF4B-00C04F79EFBC}") = "FACEB", "FACEB\FACEB.csproj", "{D8B46A7F-F493-46B3-8B87-15757CA4EF4D}"
EndProject
Global
	GlobalSection(SolutionConfigurationPlatforms) = preSolution
		Debug|Any CPU = Debug|Any CPU
		Release|Any CPU = Release|Any CPU
	EndGlobalSection
	GlobalSection(ProjectConfigurationPlatforms) = postSolution
		{D8B46A7F-F493-46B3-8B87-15757CA4EF4D}.Debug|Any CPU.ActiveCfg = Debug|Any CPU
		{D8B46A7F-F493-46B3-8B87-15757CA4EF4D}.Debug|Any CPU.Build.0 = Debug|Any CPU
		{D8B46A7F-F493-46B3-8B87-15757CA4EF4D}.Release|Any CPU.ActiveCfg = Release|Any CPU
		{D8B46A7F-F493-46B3-8B87-15757CA4EF4D}.Release|Any CPU.Build.0 = Release|Any CPU
	EndGlobalSection
	GlobalSection(SolutionProperties) = preSolution
		HideSolutionNode = FALSE
	EndGlobalSection
	GlobalSection(ExtensibilityGlobals) = postSolution
		SolutionGuid = {5038564D-311C-491D-AE16-EF87F19D97C6}
	EndGlobalSection
EndGlobal
