
Microsoft Visual Studio Solution File, Format Version 12.00
# Visual Studio 15
VisualStudioVersion = 15.0.28010.2026
MinimumVisualStudioVersion = 10.0.40219.1
Project("{FAE04EC0-301F-11D3-BF4B-00C04F79EFBC}") = "LINKED", "LINKED\LINKED.csproj", "{F64F9F76-7E35-45CC-9EED-533E9702AA4A}"
EndProject
Global
	GlobalSection(SolutionConfigurationPlatforms) = preSolution
		Debug|Any CPU = Debug|Any CPU
		Release|Any CPU = Release|Any CPU
	EndGlobalSection
	GlobalSection(ProjectConfigurationPlatforms) = postSolution
		{F64F9F76-7E35-45CC-9EED-533E9702AA4A}.Debug|Any CPU.ActiveCfg = Debug|Any CPU
		{F64F9F76-7E35-45CC-9EED-533E9702AA4A}.Debug|Any CPU.Build.0 = Debug|Any CPU
		{F64F9F76-7E35-45CC-9EED-533E9702AA4A}.Release|Any CPU.ActiveCfg = Release|Any CPU
		{F64F9F76-7E35-45CC-9EED-533E9702AA4A}.Release|Any CPU.Build.0 = Release|Any CPU
	EndGlobalSection
	GlobalSection(SolutionProperties) = preSolution
		HideSolutionNode = FALSE
	EndGlobalSection
	GlobalSection(ExtensibilityGlobals) = postSolution
		SolutionGuid = {579415DC-3D31-4614-93EB-550B59F48B51}
	EndGlobalSection
EndGlobal
