
Microsoft Visual Studio Solution File, Format Version 12.00
# Visual Studio 15
VisualStudioVersion = 15.0.28010.2003
MinimumVisualStudioVersion = 10.0.40219.1
Project("{FAE04EC0-301F-11D3-BF4B-00C04F79EFBC}") = "CAMBG", "CAMBG\CAMBG.csproj", "{FBD98FE5-A9EA-46EB-9B08-4AB07B902B27}"
EndProject
Global
	GlobalSection(SolutionConfigurationPlatforms) = preSolution
		Debug|Any CPU = Debug|Any CPU
		Release|Any CPU = Release|Any CPU
	EndGlobalSection
	GlobalSection(ProjectConfigurationPlatforms) = postSolution
		{FBD98FE5-A9EA-46EB-9B08-4AB07B902B27}.Debug|Any CPU.ActiveCfg = Debug|Any CPU
		{FBD98FE5-A9EA-46EB-9B08-4AB07B902B27}.Debug|Any CPU.Build.0 = Debug|Any CPU
		{FBD98FE5-A9EA-46EB-9B08-4AB07B902B27}.Release|Any CPU.ActiveCfg = Release|Any CPU
		{FBD98FE5-A9EA-46EB-9B08-4AB07B902B27}.Release|Any CPU.Build.0 = Release|Any CPU
	EndGlobalSection
	GlobalSection(SolutionProperties) = preSolution
		HideSolutionNode = FALSE
	EndGlobalSection
	GlobalSection(ExtensibilityGlobals) = postSolution
		SolutionGuid = {75AF9C3C-0A89-48F8-AC29-42D5B55E0B58}
	EndGlobalSection
EndGlobal
